{
  "version": 4,
  "terraform_version": "1.13.1",
  "serial": 27,
  "lineage": "508b8490-0c2b-1081-c6a7-289b4e62d6d1",
  "outputs": {},
  "resources": [
    {
      "mode": "managed",
      "type": "vault_kv_secret_v2",
      "name": "mon_secret_app",
      "provider": "provider[\"registry.terraform.io/hashicorp/vault\"]",
      "instances": [
        {
          "schema_version": 0,
          "attributes": {
            "cas": null,
            "custom_metadata": [],
            "data": {},
            "data_json": "{\"app_pass\":\"pass01-new-03\",\"app_user\":\"user01-new-03\"}",
            "data_json_wo": null,
            "data_json_wo_version": null,
            "delete_all_versions": false,
            "disable_read": false,
            "id": "secret/data/mon-app",
            "metadata": null,
            "mount": "secret",
            "name": "mon-app",
            "namespace": null,
            "options": null,
            "path": "secret/data/mon-app"
          },
          "sensitive_attributes": [
            [
              {
                "type": "get_attr",
                "value": "data"
              }
            ],
            [
              {
                "type": "get_attr",
                "value": "data_json"
              }
            ]
          ],
          "identity_schema_version": 0,
          "private": "bnVsbA=="
        }
      ]
    },
    {
      "mode": "managed",
      "type": "vault_kv_secret_v2",
      "name": "mon_secret_db",
      "provider": "provider[\"registry.terraform.io/hashicorp/vault\"]",
      "instances": [
        {
          "schema_version": 0,
          "attributes": {
            "cas": null,
            "custom_metadata": [],
            "data": {},
            "data_json": "{\"db_pass\":\"motdepasse123-new-03\",\"db_user\":\"admin-new-03\"}",
            "data_json_wo": null,
            "data_json_wo_version": null,
            "delete_all_versions": false,
            "disable_read": false,
            "id": "secret/data/mon-db",
            "metadata": null,
            "mount": "secret",
            "name": "mon-db",
            "namespace": null,
            "options": null,
            "path": "secret/data/mon-db"
          },
          "sensitive_attributes": [
            [
              {
                "type": "get_attr",
                "value": "data"
              }
            ],
            [
              {
                "type": "get_attr",
                "value": "data_json"
              }
            ]
          ],
          "identity_schema_version": 0,
          "private": "bnVsbA=="
        }
      ]
    }
  ],
  "check_results": null
}
